
Microsoft Visual Studio Solution File, Format Version 12.00
# Visual Studio Version 16
VisualStudioVersion = 16.0.31019.35
MinimumVisualStudioVersion = 10.0.40219.1
Project("{9A19103F-16F7-4668-BE54-9A1E7A4F7556}") = "hiTommy", "hiTommy\hiTommy.csproj", "{F6A32623-F0DB-48EE-9F01-697DF1E3CD05}"
EndProject
Project("{FAE04EC0-301F-11D3-BF4B-00C04F79EFBC}") = "HelloTommy", "HelloTommy\HelloTommy.csproj", "{D0BE01AA-52BE-4727-8836-BBCA8CD4B239}"
EndProject
Global
	GlobalSection(SolutionConfigurationPlatforms) = preSolution
		Debug|Any CPU = Debug|Any CPU
		Release|Any CPU = Release|Any CPU
	EndGlobalSection
	GlobalSection(ProjectConfigurationPlatforms) = postSolution
		{F6A32623-F0DB-48EE-9F01-697DF1E3CD05}.Debug|Any CPU.ActiveCfg = Debug|Any CPU
		{F6A32623-F0DB-48EE-9F01-697DF1E3CD05}.Debug|Any CPU.Build.0 = Debug|Any CPU
		{F6A32623-F0DB-48EE-9F01-697DF1E3CD05}.Release|Any CPU.ActiveCfg = Release|Any CPU
		{F6A32623-F0DB-48EE-9F01-697DF1E3CD05}.Release|Any CPU.Build.0 = Release|Any CPU
		{D0BE01AA-52BE-4727-8836-BBCA8CD4B239}.Debug|Any CPU.ActiveCfg = Debug|Any CPU
		{D0BE01AA-52BE-4727-8836-BBCA8CD4B239}.Debug|Any CPU.Build.0 = Debug|Any CPU
		{D0BE01AA-52BE-4727-8836-BBCA8CD4B239}.Release|Any CPU.ActiveCfg = Release|Any CPU
		{D0BE01AA-52BE-4727-8836-BBCA8CD4B239}.Release|Any CPU.Build.0 = Release|Any CPU
	EndGlobalSection
	GlobalSection(SolutionProperties) = preSolution
		HideSolutionNode = FALSE
	EndGlobalSection
	GlobalSection(ExtensibilityGlobals) = postSolution
		SolutionGuid = {DB2CE08F-C111-483F-B4DB-6C5B6066A356}
	EndGlobalSection
EndGlobal
